
Microsoft Visual Studio Solution File, Format Version 12.00
# Visual Studio Version 17
VisualStudioVersion = 17.0.32112.339
MinimumVisualStudioVersion = 10.0.40219.1
Project("{FAE04EC0-301F-11D3-BF4B-00C04F79EFBC}") = "LINQTut12.Equality", "LINQTut12.Equality\LINQTut12.Equality.csproj", "{63A010D8-F50C-4818-BCE6-3520131FF9EB}"
EndProject
Project("{9A19103F-16F7-4668-BE54-9A1E7A4F7556}") = "Shared", "Shared\Shared.csproj", "{6D3FC11B-A08A-475F-856F-DD45B0B08D16}"
EndProject
Global
	GlobalSection(SolutionConfigurationPlatforms) = preSolution
		Debug|Any CPU = Debug|Any CPU
		Release|Any CPU = Release|Any CPU
	EndGlobalSection
	GlobalSection(ProjectConfigurationPlatforms) = postSolution
		{63A010D8-F50C-4818-BCE6-3520131FF9EB}.Debug|Any CPU.ActiveCfg = Debug|Any CPU
		{63A010D8-F50C-4818-BCE6-3520131FF9EB}.Debug|Any CPU.Build.0 = Debug|Any CPU
		{63A010D8-F50C-4818-BCE6-3520131FF9EB}.Release|Any CPU.ActiveCfg = Release|Any CPU
		{63A010D8-F50C-4818-BCE6-3520131FF9EB}.Release|Any CPU.Build.0 = Release|Any CPU
		{6D3FC11B-A08A-475F-856F-DD45B0B08D16}.Debug|Any CPU.ActiveCfg = Debug|Any CPU
		{6D3FC11B-A08A-475F-856F-DD45B0B08D16}.Debug|Any CPU.Build.0 = Debug|Any CPU
		{6D3FC11B-A08A-475F-856F-DD45B0B08D16}.Release|Any CPU.ActiveCfg = Release|Any CPU
		{6D3FC11B-A08A-475F-856F-DD45B0B08D16}.Release|Any CPU.Build.0 = Release|Any CPU
	EndGlobalSection
	GlobalSection(SolutionProperties) = preSolution
		HideSolutionNode = FALSE
	EndGlobalSection
	GlobalSection(ExtensibilityGlobals) = postSolution
		SolutionGuid = {A5BEE0BF-7B2F-45E2-AC3A-EDF3F31DF5F2}
	EndGlobalSection
EndGlobal
